
Microsoft Visual Studio Solution File, Format Version 12.00
# Visual Studio Version 17
VisualStudioVersion = 17.3.32901.215
MinimumVisualStudioVersion = 10.0.40219.1
Project("{FAE04EC0-301F-11D3-BF4B-00C04F79EFBC}") = "Read_sheet_data_api", "Read_sheet_data_api.csproj", "{C130D4FA-BE14-4B04-8101-2B8A5C776D44}"
EndProject
Global
	GlobalSection(SolutionConfigurationPlatforms) = preSolution
		Debug|Any CPU = Debug|Any CPU
		Release|Any CPU = Release|Any CPU
	EndGlobalSection
	GlobalSection(ProjectConfigurationPlatforms) = postSolution
		{C130D4FA-BE14-4B04-8101-2B8A5C776D44}.Debug|Any CPU.ActiveCfg = Debug|Any CPU
		{C130D4FA-BE14-4B04-8101-2B8A5C776D44}.Debug|Any CPU.Build.0 = Debug|Any CPU
		{C130D4FA-BE14-4B04-8101-2B8A5C776D44}.Release|Any CPU.ActiveCfg = Release|Any CPU
		{C130D4FA-BE14-4B04-8101-2B8A5C776D44}.Release|Any CPU.Build.0 = Release|Any CPU
	EndGlobalSection
	GlobalSection(SolutionProperties) = preSolution
		HideSolutionNode = FALSE
	EndGlobalSection
	GlobalSection(ExtensibilityGlobals) = postSolution
		SolutionGuid = {CE4A8C61-AE14-48A2-B648-D9EA701088C9}
	EndGlobalSection
EndGlobal
